
Microsoft Visual Studio Solution File, Format Version 12.00
# Visual Studio Version 16
VisualStudioVersion = 16.0.33328.57
MinimumVisualStudioVersion = 10.0.40219.1
Project("{FAE04EC0-301F-11D3-BF4B-00C04F79EFBC}") = "Mobiquity.Packer", "Mobiquity.Packer\Mobiquity.Packer.csproj", "{1B1A8604-ACFE-4778-B3A5-AB9CDD29C608}"
EndProject
Project("{FAE04EC0-301F-11D3-BF4B-00C04F79EFBC}") = "Mobiquity.Packer.Test", "Mobiquity.Packer.Test\Mobiquity.Packer.Test.csproj", "{621D1D43-D555-48E2-9363-01ECB4EA60A5}"
EndProject
Global
	GlobalSection(SolutionConfigurationPlatforms) = preSolution
		Debug|Any CPU = Debug|Any CPU
		Release|Any CPU = Release|Any CPU
	EndGlobalSection
	GlobalSection(ProjectConfigurationPlatforms) = postSolution
		{1B1A8604-ACFE-4778-B3A5-AB9CDD29C608}.Debug|Any CPU.ActiveCfg = Debug|Any CPU
		{1B1A8604-ACFE-4778-B3A5-AB9CDD29C608}.Debug|Any CPU.Build.0 = Debug|Any CPU
		{1B1A8604-ACFE-4778-B3A5-AB9CDD29C608}.Release|Any CPU.ActiveCfg = Release|Any CPU
		{1B1A8604-ACFE-4778-B3A5-AB9CDD29C608}.Release|Any CPU.Build.0 = Release|Any CPU
		{621D1D43-D555-48E2-9363-01ECB4EA60A5}.Debug|Any CPU.ActiveCfg = Debug|Any CPU
		{621D1D43-D555-48E2-9363-01ECB4EA60A5}.Debug|Any CPU.Build.0 = Debug|Any CPU
		{621D1D43-D555-48E2-9363-01ECB4EA60A5}.Release|Any CPU.ActiveCfg = Release|Any CPU
		{621D1D43-D555-48E2-9363-01ECB4EA60A5}.Release|Any CPU.Build.0 = Release|Any CPU
	EndGlobalSection
	GlobalSection(SolutionProperties) = preSolution
		HideSolutionNode = FALSE
	EndGlobalSection
	GlobalSection(ExtensibilityGlobals) = postSolution
		SolutionGuid = {0C383F01-C744-4948-A754-18BEE4324052}
	EndGlobalSection
EndGlobal
